# This file is automatically @generated by Cargo.
# It is not intended for manual editing.
version = 4

[[package]]
name = "five8_const"
version = "0.1.4"
source = "registry+https://github.com/rust-lang/crates.io-index"
checksum = "26dec3da8bc3ef08f2c04f61eab298c3ab334523e55f076354d6d6f613799a7b"
dependencies = [
 "five8_core",
]

[[package]]
name = "five8_core"
version = "0.1.2"
source = "registry+https://github.com/rust-lang/crates.io-index"
checksum = "2551bf44bc5f776c15044b9b94153a00198be06743e262afaaa61f11ac7523a5"

[[package]]
name = "pinocchio"
version = "0.8.4"
source = "registry+https://github.com/rust-lang/crates.io-index"
checksum = "7c33b58567c11b07749cefbb8320ac023f3387c57807aeb8e3b1262501b6e9f0"

[[package]]
name = "pinocchio-pubkey"
version = "0.2.4"
source = "registry+https://github.com/rust-lang/crates.io-index"
checksum = "0c6b20fcebc172c3cd3f54114b0241b48fa8e30893ced2eb4927aaba5e3a0ba5"
dependencies = [
 "five8_const",
 "pinocchio",
]

[[package]]
name = "pinocchio-system"
version = "0.2.3"
source = "registry+https://github.com/rust-lang/crates.io-index"
checksum = "1f75423420ae70aa748cf611cab14cfd00af08d0d2d3d258cb0cf5e2880ec19c"
dependencies = [
 "pinocchio",
 "pinocchio-pubkey",
]

[[package]]
name = "pinocchio_vault"
version = "0.1.0"
dependencies = [
 "pinocchio",
 "pinocchio-system",
]
